
Microsoft Visual Studio Solution File, Format Version 12.00
# Visual Studio Version 16
VisualStudioVersion = 16.0.29306.81
MinimumVisualStudioVersion = 10.0.40219.1
Project("{9A19103F-16F7-4668-BE54-9A1E7A4F7556}") = "RessourceManagerApi", "RessourceManagerApi\RessourceManagerApi.csproj", "{D1E217A2-EB81-4F9B-AB60-FD4BF34DF49B}"
EndProject
Project("{9A19103F-16F7-4668-BE54-9A1E7A4F7556}") = "RessourceManager.Core", "RessourceManager.Core\RessourceManager.Core.csproj", "{AEE0C02C-0E12-4843-BC7B-FE880CD233BB}"
EndProject
Project("{FAE04EC0-301F-11D3-BF4B-00C04F79EFBC}") = "RessourceManager.Infrastructure", "RessourceManager.Infrastructure\RessourceManager.Infrastructure.csproj", "{D7467913-CD41-4640-BD4E-0B0075AD7A82}"
EndProject
Global
	GlobalSection(SolutionConfigurationPlatforms) = preSolution
		Debug|Any CPU = Debug|Any CPU
		Release|Any CPU = Release|Any CPU
	EndGlobalSection
	GlobalSection(ProjectConfigurationPlatforms) = postSolution
		{D1E217A2-EB81-4F9B-AB60-FD4BF34DF49B}.Debug|Any CPU.ActiveCfg = Debug|Any CPU
		{D1E217A2-EB81-4F9B-AB60-FD4BF34DF49B}.Debug|Any CPU.Build.0 = Debug|Any CPU
		{D1E217A2-EB81-4F9B-AB60-FD4BF34DF49B}.Release|Any CPU.ActiveCfg = Release|Any CPU
		{D1E217A2-EB81-4F9B-AB60-FD4BF34DF49B}.Release|Any CPU.Build.0 = Release|Any CPU
		{AEE0C02C-0E12-4843-BC7B-FE880CD233BB}.Debug|Any CPU.ActiveCfg = Debug|Any CPU
		{AEE0C02C-0E12-4843-BC7B-FE880CD233BB}.Debug|Any CPU.Build.0 = Debug|Any CPU
		{AEE0C02C-0E12-4843-BC7B-FE880CD233BB}.Release|Any CPU.ActiveCfg = Release|Any CPU
		{AEE0C02C-0E12-4843-BC7B-FE880CD233BB}.Release|Any CPU.Build.0 = Release|Any CPU
		{D7467913-CD41-4640-BD4E-0B0075AD7A82}.Debug|Any CPU.ActiveCfg = Debug|Any CPU
		{D7467913-CD41-4640-BD4E-0B0075AD7A82}.Debug|Any CPU.Build.0 = Debug|Any CPU
		{D7467913-CD41-4640-BD4E-0B0075AD7A82}.Release|Any CPU.ActiveCfg = Release|Any CPU
		{D7467913-CD41-4640-BD4E-0B0075AD7A82}.Release|Any CPU.Build.0 = Release|Any CPU
	EndGlobalSection
	GlobalSection(SolutionProperties) = preSolution
		HideSolutionNode = FALSE
	EndGlobalSection
	GlobalSection(ExtensibilityGlobals) = postSolution
		SolutionGuid = {E7DE4B83-0D8A-4282-A5AD-6ADB656E5B87}
	EndGlobalSection
EndGlobal
