
Microsoft Visual Studio Solution File, Format Version 12.00
# Visual Studio Version 16
VisualStudioVersion = 16.0.29306.81
MinimumVisualStudioVersion = 10.0.40219.1
Project("{FAE04EC0-301F-11D3-BF4B-00C04F79EFBC}") = "test_mongo_auth", "test_mongo_auth\test_mongo_auth.csproj", "{D1E217A2-EB81-4F9B-AB60-FD4BF34DF49B}"
EndProject
Global
	GlobalSection(SolutionConfigurationPlatforms) = preSolution
		Debug|Any CPU = Debug|Any CPU
		Release|Any CPU = Release|Any CPU
	EndGlobalSection
	GlobalSection(ProjectConfigurationPlatforms) = postSolution
		{D1E217A2-EB81-4F9B-AB60-FD4BF34DF49B}.Debug|Any CPU.ActiveCfg = Debug|Any CPU
		{D1E217A2-EB81-4F9B-AB60-FD4BF34DF49B}.Debug|Any CPU.Build.0 = Debug|Any CPU
		{D1E217A2-EB81-4F9B-AB60-FD4BF34DF49B}.Release|Any CPU.ActiveCfg = Release|Any CPU
		{D1E217A2-EB81-4F9B-AB60-FD4BF34DF49B}.Release|Any CPU.Build.0 = Release|Any CPU
	EndGlobalSection
	GlobalSection(SolutionProperties) = preSolution
		HideSolutionNode = FALSE
	EndGlobalSection
	GlobalSection(ExtensibilityGlobals) = postSolution
		SolutionGuid = {E7DE4B83-0D8A-4282-A5AD-6ADB656E5B87}
	EndGlobalSection
EndGlobal
